
Microsoft Visual Studio Solution File, Format Version 12.00
# Visual Studio 2012
Project("{8BC9CEB8-8B4A-11D0-8D11-00A0C91BC942}") = "03_STL.Deque", "03_STL.Deque\03_STL.Deque.vcxproj", "{74CFA9F8-7D4E-499F-91D8-FC738C75656A}"
EndProject
Global
	GlobalSection(SolutionConfigurationPlatforms) = preSolution
		Debug|Win32 = Debug|Win32
		Release|Win32 = Release|Win32
	EndGlobalSection
	GlobalSection(ProjectConfigurationPlatforms) = postSolution
		{74CFA9F8-7D4E-499F-91D8-FC738C75656A}.Debug|Win32.ActiveCfg = Debug|Win32
		{74CFA9F8-7D4E-499F-91D8-FC738C75656A}.Debug|Win32.Build.0 = Debug|Win32
		{74CFA9F8-7D4E-499F-91D8-FC738C75656A}.Release|Win32.ActiveCfg = Release|Win32
		{74CFA9F8-7D4E-499F-91D8-FC738C75656A}.Release|Win32.Build.0 = Release|Win32
	EndGlobalSection
	GlobalSection(SolutionProperties) = preSolution
		HideSolutionNode = FALSE
	EndGlobalSection
EndGlobal
